PODS:
  - ParallaxHeader (3.0.0)
  - SkeletonView (1.30.4)

DEPENDENCIES:
  - ParallaxHeader (~> 3.0.0)
  - SkeletonView

SPEC REPOS:
  trunk:
    - ParallaxHeader
    - SkeletonView

SPEC CHECKSUMS:
  ParallaxHeader: a343f55eb38f52a89c5820a77e14cf975b84e6aa
  SkeletonView: 5a050f6411e697abd4cda0a8d767013399dccd69

PODFILE CHECKSUM: 8da475d13c613dc0aa855b53ea472335b5988cf4

COCOAPODS: 1.11.3
